
Microsoft Visual Studio Solution File, Format Version 12.00
# Visual Studio Version 17
VisualStudioVersion = 17.9.34728.123
MinimumVisualStudioVersion = 10.0.40219.1
Project("{9A19103F-16F7-4668-BE54-9A1E7A4F7556}") = "Group4333", "Group4333.csproj", "{EE670AF5-750D-4BA8-9D45-BD7FE419EA2C}"
EndProject
Global
	GlobalSection(SolutionConfigurationPlatforms) = preSolution
		Debug|Any CPU = Debug|Any CPU
		Release|Any CPU = Release|Any CPU
	EndGlobalSection
	GlobalSection(ProjectConfigurationPlatforms) = postSolution
		{EE670AF5-750D-4BA8-9D45-BD7FE419EA2C}.Debug|Any CPU.ActiveCfg = Debug|Any CPU
		{EE670AF5-750D-4BA8-9D45-BD7FE419EA2C}.Debug|Any CPU.Build.0 = Debug|Any CPU
		{EE670AF5-750D-4BA8-9D45-BD7FE419EA2C}.Release|Any CPU.ActiveCfg = Release|Any CPU
		{EE670AF5-750D-4BA8-9D45-BD7FE419EA2C}.Release|Any CPU.Build.0 = Release|Any CPU
	EndGlobalSection
	GlobalSection(SolutionProperties) = preSolution
		HideSolutionNode = FALSE
	EndGlobalSection
	GlobalSection(ExtensibilityGlobals) = postSolution
		SolutionGuid = {EB90A437-834D-4A57-B489-12F8BF2E1A48}
	EndGlobalSection
EndGlobal
